
Microsoft Visual Studio Solution File, Format Version 12.00
# Visual Studio Version 17
VisualStudioVersion = 17.4.33205.214
MinimumVisualStudioVersion = 10.0.40219.1
Project("{9A19103F-16F7-4668-BE54-9A1E7A4F7556}") = "Domain", "Domain\Domain.csproj", "{A0A4A1C8-EF18-4069-AED6-01D718D2D20A}"
EndProject
Project("{FAE04EC0-301F-11D3-BF4B-00C04F79EFBC}") = "Infrastructure", "Infrastructure\Infrastructure.csproj", "{F8840FCF-1358-4939-8CBE-E8FD0EF96CF2}"
EndProject
Project("{FAE04EC0-301F-11D3-BF4B-00C04F79EFBC}") = "Application", "Application\Application.csproj", "{FF2AD94C-09D1-4DC1-95F4-D93A03BD1C02}"
EndProject
Project("{FAE04EC0-301F-11D3-BF4B-00C04F79EFBC}") = "Web", "Web\Web.csproj", "{3107FE15-BAE8-4A1A-ADB3-18937EF15EA1}"
EndProject
Global
	GlobalSection(SolutionConfigurationPlatforms) = preSolution
		Debug|Any CPU = Debug|Any CPU
		Release|Any CPU = Release|Any CPU
	EndGlobalSection
	GlobalSection(ProjectConfigurationPlatforms) = postSolution
		{A0A4A1C8-EF18-4069-AED6-01D718D2D20A}.Debug|Any CPU.ActiveCfg = Debug|Any CPU
		{A0A4A1C8-EF18-4069-AED6-01D718D2D20A}.Debug|Any CPU.Build.0 = Debug|Any CPU
		{A0A4A1C8-EF18-4069-AED6-01D718D2D20A}.Release|Any CPU.ActiveCfg = Release|Any CPU
		{A0A4A1C8-EF18-4069-AED6-01D718D2D20A}.Release|Any CPU.Build.0 = Release|Any CPU
		{F8840FCF-1358-4939-8CBE-E8FD0EF96CF2}.Debug|Any CPU.ActiveCfg = Debug|Any CPU
		{F8840FCF-1358-4939-8CBE-E8FD0EF96CF2}.Debug|Any CPU.Build.0 = Debug|Any CPU
		{F8840FCF-1358-4939-8CBE-E8FD0EF96CF2}.Release|Any CPU.ActiveCfg = Release|Any CPU
		{F8840FCF-1358-4939-8CBE-E8FD0EF96CF2}.Release|Any CPU.Build.0 = Release|Any CPU
		{FF2AD94C-09D1-4DC1-95F4-D93A03BD1C02}.Debug|Any CPU.ActiveCfg = Debug|Any CPU
		{FF2AD94C-09D1-4DC1-95F4-D93A03BD1C02}.Debug|Any CPU.Build.0 = Debug|Any CPU
		{FF2AD94C-09D1-4DC1-95F4-D93A03BD1C02}.Release|Any CPU.ActiveCfg = Release|Any CPU
		{FF2AD94C-09D1-4DC1-95F4-D93A03BD1C02}.Release|Any CPU.Build.0 = Release|Any CPU
		{3107FE15-BAE8-4A1A-ADB3-18937EF15EA1}.Debug|Any CPU.ActiveCfg = Debug|Any CPU
		{3107FE15-BAE8-4A1A-ADB3-18937EF15EA1}.Debug|Any CPU.Build.0 = Debug|Any CPU
		{3107FE15-BAE8-4A1A-ADB3-18937EF15EA1}.Release|Any CPU.ActiveCfg = Release|Any CPU
		{3107FE15-BAE8-4A1A-ADB3-18937EF15EA1}.Release|Any CPU.Build.0 = Release|Any CPU
	EndGlobalSection
	GlobalSection(SolutionProperties) = preSolution
		HideSolutionNode = FALSE
	EndGlobalSection
	GlobalSection(ExtensibilityGlobals) = postSolution
		SolutionGuid = {CFEF06D7-2E4B-48EA-A953-CFAF5A515274}
	EndGlobalSection
EndGlobal
